
Microsoft Visual Studio Solution File, Format Version 12.00
# Visual Studio Version 16
VisualStudioVersion = 16.0.30413.136
MinimumVisualStudioVersion = 10.0.40219.1
Project("{FAE04EC0-301F-11D3-BF4B-00C04F79EFBC}") = "EmailStringSplitter", "EmailStringSplitter.csproj", "{CA88C06A-48B2-4566-A00E-43E9DDD022D8}"
EndProject
Global
	GlobalSection(SolutionConfigurationPlatforms) = preSolution
		Debug|Any CPU = Debug|Any CPU
		Release|Any CPU = Release|Any CPU
	EndGlobalSection
	GlobalSection(ProjectConfigurationPlatforms) = postSolution
		{CA88C06A-48B2-4566-A00E-43E9DDD022D8}.Debug|Any CPU.ActiveCfg = Debug|Any CPU
		{CA88C06A-48B2-4566-A00E-43E9DDD022D8}.Debug|Any CPU.Build.0 = Debug|Any CPU
		{CA88C06A-48B2-4566-A00E-43E9DDD022D8}.Release|Any CPU.ActiveCfg = Release|Any CPU
		{CA88C06A-48B2-4566-A00E-43E9DDD022D8}.Release|Any CPU.Build.0 = Release|Any CPU
	EndGlobalSection
	GlobalSection(SolutionProperties) = preSolution
		HideSolutionNode = FALSE
	EndGlobalSection
	GlobalSection(ExtensibilityGlobals) = postSolution
		SolutionGuid = {E26900F0-E390-49ED-A85A-23FA2AFA3115}
	EndGlobalSection
EndGlobal
